
Microsoft Visual Studio Solution File, Format Version 11.00
# Visual Studio 2010
Project("{FAE04EC0-301F-11D3-BF4B-00C04F79EFBC}") = "Sicemed.Web", "SICEMED.Web\Sicemed.Web.csproj", "{0696847C-4CB8-4AE0-97CB-E28A8D0E452A}"
EndProject
Project("{FAE04EC0-301F-11D3-BF4B-00C04F79EFBC}") = "Sicemed.Tests", "SICEMED.Tests\Sicemed.Tests.csproj", "{E97B81CA-12F6-4E26-8B06-17C86F758F85}"
EndProject
Global
	GlobalSection(SolutionConfigurationPlatforms) = preSolution
		Debug|Any CPU = Debug|Any CPU
		Release|Any CPU = Release|Any CPU
	EndGlobalSection
	GlobalSection(ProjectConfigurationPlatforms) = postSolution
		{0696847C-4CB8-4AE0-97CB-E28A8D0E452A}.Debug|Any CPU.ActiveCfg = Debug|Any CPU
		{0696847C-4CB8-4AE0-97CB-E28A8D0E452A}.Debug|Any CPU.Build.0 = Debug|Any CPU
		{0696847C-4CB8-4AE0-97CB-E28A8D0E452A}.Release|Any CPU.ActiveCfg = Release|Any CPU
		{0696847C-4CB8-4AE0-97CB-E28A8D0E452A}.Release|Any CPU.Build.0 = Release|Any CPU
		{E97B81CA-12F6-4E26-8B06-17C86F758F85}.Debug|Any CPU.ActiveCfg = Debug|Any CPU
		{E97B81CA-12F6-4E26-8B06-17C86F758F85}.Debug|Any CPU.Build.0 = Debug|Any CPU
		{E97B81CA-12F6-4E26-8B06-17C86F758F85}.Release|Any CPU.ActiveCfg = Release|Any CPU
		{E97B81CA-12F6-4E26-8B06-17C86F758F85}.Release|Any CPU.Build.0 = Release|Any CPU
	EndGlobalSection
	GlobalSection(SolutionProperties) = preSolution
		HideSolutionNode = FALSE
	EndGlobalSection
EndGlobal
